
Microsoft Visual Studio Solution File, Format Version 12.00
# Visual Studio Version 17
VisualStudioVersion = 17.5.002.0
MinimumVisualStudioVersion = 10.0.40219.1
Project("{FAE04EC0-301F-11D3-BF4B-00C04F79EFBC}") = "SPM.Tests", "SPM.Tests\SPM.Tests.csproj", "{1131DD57-463B-40AE-8089-8FBB2A6B2D8C}"
EndProject
Project("{FAE04EC0-301F-11D3-BF4B-00C04F79EFBC}") = "SPM", "SPM\SPM.csproj", "{BF98A746-B225-4AC8-9BA6-B9A35BC5A38A}"
EndProject
Project("{FAE04EC0-301F-11D3-BF4B-00C04F79EFBC}") = "SPM.Shell", "SPM.Shell\SPM.Shell.csproj", "{39D95D53-5E3A-48F3-A6B5-FD14002B5E9B}"
EndProject
Global
	GlobalSection(SolutionConfigurationPlatforms) = preSolution
		Debug|Any CPU = Debug|Any CPU
		Release|Any CPU = Release|Any CPU
	EndGlobalSection
	GlobalSection(ProjectConfigurationPlatforms) = postSolution
		{1131DD57-463B-40AE-8089-8FBB2A6B2D8C}.Debug|Any CPU.ActiveCfg = Debug|Any CPU
		{1131DD57-463B-40AE-8089-8FBB2A6B2D8C}.Debug|Any CPU.Build.0 = Debug|Any CPU
		{1131DD57-463B-40AE-8089-8FBB2A6B2D8C}.Release|Any CPU.ActiveCfg = Release|Any CPU
		{1131DD57-463B-40AE-8089-8FBB2A6B2D8C}.Release|Any CPU.Build.0 = Release|Any CPU
		{BF98A746-B225-4AC8-9BA6-B9A35BC5A38A}.Debug|Any CPU.ActiveCfg = Debug|Any CPU
		{BF98A746-B225-4AC8-9BA6-B9A35BC5A38A}.Debug|Any CPU.Build.0 = Debug|Any CPU
		{BF98A746-B225-4AC8-9BA6-B9A35BC5A38A}.Release|Any CPU.ActiveCfg = Release|Any CPU
		{BF98A746-B225-4AC8-9BA6-B9A35BC5A38A}.Release|Any CPU.Build.0 = Release|Any CPU
		{39D95D53-5E3A-48F3-A6B5-FD14002B5E9B}.Debug|Any CPU.ActiveCfg = Debug|Any CPU
		{39D95D53-5E3A-48F3-A6B5-FD14002B5E9B}.Debug|Any CPU.Build.0 = Debug|Any CPU
		{39D95D53-5E3A-48F3-A6B5-FD14002B5E9B}.Release|Any CPU.ActiveCfg = Release|Any CPU
		{39D95D53-5E3A-48F3-A6B5-FD14002B5E9B}.Release|Any CPU.Build.0 = Release|Any CPU
	EndGlobalSection
	GlobalSection(SolutionProperties) = preSolution
		HideSolutionNode = FALSE
	EndGlobalSection
	GlobalSection(ExtensibilityGlobals) = postSolution
		SolutionGuid = {4A00A351-652B-43F8-95AD-29D517200EA2}
	EndGlobalSection
EndGlobal
